// !$*UTF8*$!
{
	archiveVersion = 1;
	classes = {
	};
	objectVersion = 46;
	objects = {

/* Begin PBXBuildFile section */
		30AAE0F720E0D25A00676E46 /* EarlGreyWrapperTests.swift in Sources */ = {isa = PBXBuildFile; fileRef = 30AAE0F620E0D25A00676E46 /* EarlGreyWrapperTests.swift */; };
		3180B35F8F7919465F5D88D6 /* Pods_EarlGreyWrapperTests.framework in Frameworks */ = {isa = PBXBuildFile; fileRef = 0F38FA084964FB191BFC6955 /* Pods_EarlGreyWrapperTests.framework */; };
/* End PBXBuildFile section */

/* Begin PBXFileReference section */
		0F38FA084964FB191BFC6955 /* Pods_EarlGreyWrapperTests.framework */ = {isa = PBXFileReference; explicitFileType = wrapper.framework; includeInIndex = 0; path = Pods_EarlGreyWrapperTests.framework; sourceTree = BUILT_PRODUCTS_DIR; };
		13D7538338484F50689EFC3D /* LICENSE */ = {isa = PBXFileReference; includeInIndex = 1; lastKnownFileType = text; name = LICENSE; path = ../LICENSE; sourceTree = "<group>"; };
		30AAE0EB20E0D0B500676E46 /* Info.plist */ = {isa = PBXFileReference; lastKnownFileType = text.plist.xml; path = Info.plist; sourceTree = "<group>"; };
		30AAE0F420E0D25A00676E46 /* EarlGreyWrapperTests.xctest */ = {isa = PBXFileReference; explicitFileType = wrapper.cfbundle; includeInIndex = 0; path = EarlGreyWrapperTests.xctest; sourceTree = BUILT_PRODUCTS_DIR; };
		30AAE0F620E0D25A00676E46 /* EarlGreyWrapperTests.swift */ = {isa = PBXFileReference; lastKnownFileType = sourcecode.swift; path = EarlGreyWrapperTests.swift; sourceTree = "<group>"; };
		30AAE0F820E0D25B00676E46 /* Info.plist */ = {isa = PBXFileReference; lastKnownFileType = text.plist.xml; path = Info.plist; sourceTree = "<group>"; };
		59A1B0B20F30B88071B86A55 /* Pods-EarlGreyWrapperTests.debug.xcconfig */ = {isa = PBXFileReference; includeInIndex = 1; lastKnownFileType = text.xcconfig; name = "Pods-EarlGreyWrapperTests.debug.xcconfig"; path = "Pods/Target Support Files/Pods-EarlGreyWrapperTests/Pods-EarlGreyWrapperTests.debug.xcconfig"; sourceTree = "<group>"; };
		622D9FCBB670AAAB90AB2F9E /* Pods-EarlGreyWrapper_Tests.debug.xcconfig */ = {isa = PBXFileReference; includeInIndex = 1; lastKnownFileType = text.xcconfig; name = "Pods-EarlGreyWrapper_Tests.debug.xcconfig"; path = "Pods/Target Support Files/Pods-EarlGreyWrapper_Tests/Pods-EarlGreyWrapper_Tests.debug.xcconfig"; sourceTree = "<group>"; };
		9EDCA04285CC39BB2393AD2A /* Pods-EarlGreyWrapper_Tests.release.xcconfig */ = {isa = PBXFileReference; includeInIndex = 1; lastKnownFileType = text.xcconfig; name = "Pods-EarlGreyWrapper_Tests.release.xcconfig"; path = "Pods/Target Support Files/Pods-EarlGreyWrapper_Tests/Pods-EarlGreyWrapper_Tests.release.xcconfig"; sourceTree = "<group>"; };
		B2D8CBF3866ABCB94ECCC642 /* Pods-EarlGreyWrapperTests.release.xcconfig */ = {isa = PBXFileReference; includeInIndex = 1; lastKnownFileType = text.xcconfig; name = "Pods-EarlGreyWrapperTests.release.xcconfig"; path = "Pods/Target Support Files/Pods-EarlGreyWrapperTests/Pods-EarlGreyWrapperTests.release.xcconfig"; sourceTree = "<group>"; };
		C82F94A57655EF5CCADC98C3 /* EarlGreyWrapper.podspec */ = {isa = PBXFileReference; includeInIndex = 1; lastKnownFileType = text; name = EarlGreyWrapper.podspec; path = ../EarlGreyWrapper.podspec; sourceTree = "<group>"; };
		DD0FC06A6689096BA44B3ED3 /* Pods_EarlGreyWrapper_Tests.framework */ = {isa = PBXFileReference; explicitFileType = wrapper.framework; includeInIndex = 0; path = Pods_EarlGreyWrapper_Tests.framework; sourceTree = BUILT_PRODUCTS_DIR; };
		E3FAADBBEE599BE833194359 /* README.md */ = {isa = PBXFileReference; includeInIndex = 1; lastKnownFileType = net.daringfireball.markdown; name = README.md; path = ../README.md; sourceTree = "<group>"; };
/* End PBXFileReference section */

/* Begin PBXFrameworksBuildPhase section */
		30AAE0F120E0D25A00676E46 /* Frameworks */ = {
			isa = PBXFrameworksBuildPhase;
			buildActionMask = 2147483647;
			files = (
				3180B35F8F7919465F5D88D6 /* Pods_EarlGreyWrapperTests.framework in Frameworks */,
			);
			runOnlyForDeploymentPostprocessing = 0;
		};
/* End PBXFrameworksBuildPhase section */

/* Begin PBXGroup section */
		130D0D4E4D572638A9DFB1B1 /* Frameworks */ = {
			isa = PBXGroup;
			children = (
				DD0FC06A6689096BA44B3ED3 /* Pods_EarlGreyWrapper_Tests.framework */,
				0F38FA084964FB191BFC6955 /* Pods_EarlGreyWrapperTests.framework */,
			);
			name = Frameworks;
			sourceTree = "<group>";
		};
		30AAE0E920E0D0B500676E46 /* EarlGreyWrapper */ = {
			isa = PBXGroup;
			children = (
				30AAE0EB20E0D0B500676E46 /* Info.plist */,
			);
			path = EarlGreyWrapper;
			sourceTree = "<group>";
		};
		30AAE0F520E0D25A00676E46 /* EarlGreyWrapperTests */ = {
			isa = PBXGroup;
			children = (
				30AAE0F620E0D25A00676E46 /* EarlGreyWrapperTests.swift */,
				30AAE0F820E0D25B00676E46 /* Info.plist */,
			);
			path = EarlGreyWrapperTests;
			sourceTree = "<group>";
		};
		607FACC71AFB9204008FA782 = {
			isa = PBXGroup;
			children = (
				607FACF51AFB993E008FA782 /* Podspec Metadata */,
				30AAE0E920E0D0B500676E46 /* EarlGreyWrapper */,
				30AAE0F520E0D25A00676E46 /* EarlGreyWrapperTests */,
				607FACD11AFB9204008FA782 /* Products */,
				964708534228C990B0022001 /* Pods */,
				130D0D4E4D572638A9DFB1B1 /* Frameworks */,
			);
			sourceTree = "<group>";
		};
		607FACD11AFB9204008FA782 /* Products */ = {
			isa = PBXGroup;
			children = (
				30AAE0F420E0D25A00676E46 /* EarlGreyWrapperTests.xctest */,
			);
			name = Products;
			sourceTree = "<group>";
		};
		607FACF51AFB993E008FA782 /* Podspec Metadata */ = {
			isa = PBXGroup;
			children = (
				C82F94A57655EF5CCADC98C3 /* EarlGreyWrapper.podspec */,
				E3FAADBBEE599BE833194359 /* README.md */,
				13D7538338484F50689EFC3D /* LICENSE */,
			);
			name = "Podspec Metadata";
			sourceTree = "<group>";
		};
		964708534228C990B0022001 /* Pods */ = {
			isa = PBXGroup;
			children = (
				622D9FCBB670AAAB90AB2F9E /* Pods-EarlGreyWrapper_Tests.debug.xcconfig */,
				9EDCA04285CC39BB2393AD2A /* Pods-EarlGreyWrapper_Tests.release.xcconfig */,
				59A1B0B20F30B88071B86A55 /* Pods-EarlGreyWrapperTests.debug.xcconfig */,
				B2D8CBF3866ABCB94ECCC642 /* Pods-EarlGreyWrapperTests.release.xcconfig */,
			);
			name = Pods;
			sourceTree = "<group>";
		};
/* End PBXGroup section */

/* Begin PBXNativeTarget section */
		30AAE0F320E0D25A00676E46 /* EarlGreyWrapperTests */ = {
			isa = PBXNativeTarget;
			buildConfigurationList = 30AAE0F920E0D25B00676E46 /* Build configuration list for PBXNativeTarget "EarlGreyWrapperTests" */;
			buildPhases = (
				7717BFB5C5287A39BAECBE84 /* [CP] Check Pods Manifest.lock */,
				30AAE0F020E0D25A00676E46 /* Sources */,
				30AAE0F120E0D25A00676E46 /* Frameworks */,
				30AAE0F220E0D25A00676E46 /* Resources */,
				42F070810B8AC87E8A04F6FC /* [CP] Embed Pods Frameworks */,
			);
			buildRules = (
			);
			dependencies = (
			);
			name = EarlGreyWrapperTests;
			productName = EarlGreyWrapperTests;
			productReference = 30AAE0F420E0D25A00676E46 /* EarlGreyWrapperTests.xctest */;
			productType = "com.apple.product-type.bundle.unit-test";
		};
/* End PBXNativeTarget section */

/* Begin PBXProject section */
		607FACC81AFB9204008FA782 /* Project object */ = {
			isa = PBXProject;
			attributes = {
				LastSwiftUpdateCheck = 0940;
				LastUpgradeCheck = 0940;
				ORGANIZATIONNAME = CocoaPods;
				TargetAttributes = {
					30AAE0F320E0D25A00676E46 = {
						CreatedOnToolsVersion = 9.4;
						DevelopmentTeam = BA36Y82DMA;
						ProvisioningStyle = Automatic;
					};
				};
			};
			buildConfigurationList = 607FACCB1AFB9204008FA782 /* Build configuration list for PBXProject "EarlGreyWrapper" */;
			compatibilityVersion = "Xcode 3.2";
			developmentRegion = English;
			hasScannedForEncodings = 0;
			knownRegions = (
				en,
				Base,
			);
			mainGroup = 607FACC71AFB9204008FA782;
			productRefGroup = 607FACD11AFB9204008FA782 /* Products */;
			projectDirPath = "";
			projectRoot = "";
			targets = (
				30AAE0F320E0D25A00676E46 /* EarlGreyWrapperTests */,
			);
		};
/* End PBXProject section */

/* Begin PBXResourcesBuildPhase section */
		30AAE0F220E0D25A00676E46 /* Resources */ = {
			isa = PBXResourcesBuildPhase;
			buildActionMask = 2147483647;
			files = (
			);
			runOnlyForDeploymentPostprocessing = 0;
		};
/* End PBXResourcesBuildPhase section */

/* Begin PBXShellScriptBuildPhase section */
		42F070810B8AC87E8A04F6FC /* [CP] Embed Pods Frameworks */ = {
			isa = PBXShellScriptBuildPhase;
			buildActionMask = 2147483647;
			files = (
			);
			inputPaths = (
				"${SRCROOT}/Pods/Target Support Files/Pods-EarlGreyWrapperTests/Pods-EarlGreyWrapperTests-frameworks.sh",
				"${PODS_ROOT}/EarlGrey/EarlGrey/EarlGrey.framework",
				"${BUILT_PRODUCTS_DIR}/EarlGreyWrapper/EarlGreyWrapper.framework",
			);
			name = "[CP] Embed Pods Frameworks";
			outputPaths = (
				"${TARGET_BUILD_DIR}/${FRAMEWORKS_FOLDER_PATH}/EarlGrey.framework",
				"${TARGET_BUILD_DIR}/${FRAMEWORKS_FOLDER_PATH}/EarlGreyWrapper.framework",
			);
			runOnlyForDeploymentPostprocessing = 0;
			shellPath = /bin/sh;
			shellScript = "\"${SRCROOT}/Pods/Target Support Files/Pods-EarlGreyWrapperTests/Pods-EarlGreyWrapperTests-frameworks.sh\"\n";
			showEnvVarsInLog = 0;
		};
		7717BFB5C5287A39BAECBE84 /* [CP] Check Pods Manifest.lock */ = {
			isa = PBXShellScriptBuildPhase;
			buildActionMask = 2147483647;
			files = (
			);
			inputPaths = (
				"${PODS_PODFILE_DIR_PATH}/Podfile.lock",
				"${PODS_ROOT}/Manifest.lock",
			);
			name = "[CP] Check Pods Manifest.lock";
			outputPaths = (
				"$(DERIVED_FILE_DIR)/Pods-EarlGreyWrapperTests-checkManifestLockResult.txt",
			);
			runOnlyForDeploymentPostprocessing = 0;
			shellPath = /bin/sh;
			shellScript = "diff \"${PODS_PODFILE_DIR_PATH}/Podfile.lock\" \"${PODS_ROOT}/Manifest.lock\" > /dev/null\nif [ $? != 0 ] ; then\n    # print error to STDERR\n    echo \"error: The sandbox is not in sync with the Podfile.lock. Run 'pod install' or update your CocoaPods installation.\" >&2\n    exit 1\nfi\n# This output is used by Xcode 'outputs' to avoid re-running this script phase.\necho \"SUCCESS\" > \"${SCRIPT_OUTPUT_FILE_0}\"\n";
			showEnvVarsInLog = 0;
		};
/* End PBXShellScriptBuildPhase section */

/* Begin PBXSourcesBuildPhase section */
		30AAE0F020E0D25A00676E46 /* Sources */ = {
			isa = PBXSourcesBuildPhase;
			buildActionMask = 2147483647;
			files = (
				30AAE0F720E0D25A00676E46 /* EarlGreyWrapperTests.swift in Sources */,
			);
			runOnlyForDeploymentPostprocessing = 0;
		};
/* End PBXSourcesBuildPhase section */

/* Begin XCBuildConfiguration section */
		30AAE0FA20E0D25B00676E46 /* Debug */ = {
			isa = XCBuildConfiguration;
			baseConfigurationReference = 59A1B0B20F30B88071B86A55 /* Pods-EarlGreyWrapperTests.debug.xcconfig */;
			buildSettings = {
				CLANG_ANALYZER_NONNULL = YES;
				CLANG_ANALYZER_NUMBER_OBJECT_CONVERSION = YES_AGGRESSIVE;
				CLANG_CXX_LANGUAGE_STANDARD = "gnu++14";
				CLANG_ENABLE_OBJC_WEAK = YES;
				CLANG_WARN_DOCUMENTATION_COMMENTS = YES;
				CLANG_WARN_UNGUARDED_AVAILABILITY = YES_AGGRESSIVE;
				CODE_SIGN_IDENTITY = "iPhone Developer";
				CODE_SIGN_STYLE = Automatic;
				DEBUG_INFORMATION_FORMAT = dwarf;
				DEVELOPMENT_TEAM = BA36Y82DMA;
				GCC_C_LANGUAGE_STANDARD = gnu11;
				INFOPLIST_FILE = EarlGreyWrapperTests/Info.plist;
				IPHONEOS_DEPLOYMENT_TARGET = 11.4;
				LD_RUNPATH_SEARCH_PATHS = "$(inherited) @executable_path/Frameworks @loader_path/Frameworks";
				PRODUCT_BUNDLE_IDENTIFIER = com.oozou.EarlGreyWrapperTests;
				PRODUCT_NAME = "$(TARGET_NAME)";
				SWIFT_ACTIVE_COMPILATION_CONDITIONS = DEBUG;
				SWIFT_VERSION = 4.0;
				TARGETED_DEVICE_FAMILY = "1,2";
			};
			name = Debug;
		};
		30AAE0FB20E0D25B00676E46 /* Release */ = {
			isa = XCBuildConfiguration;
			baseConfigurationReference = B2D8CBF3866ABCB94ECCC642 /* Pods-EarlGreyWrapperTests.release.xcconfig */;
			buildSettings = {
				CLANG_ANALYZER_NONNULL = YES;
				CLANG_ANALYZER_NUMBER_OBJECT_CONVERSION = YES_AGGRESSIVE;
				CLANG_CXX_LANGUAGE_STANDARD = "gnu++14";
				CLANG_ENABLE_OBJC_WEAK = YES;
				CLANG_WARN_DOCUMENTATION_COMMENTS = YES;
				CLANG_WARN_UNGUARDED_AVAILABILITY = YES_AGGRESSIVE;
				CODE_SIGN_IDENTITY = "iPhone Developer";
				CODE_SIGN_STYLE = Automatic;
				DEVELOPMENT_TEAM = BA36Y82DMA;
				GCC_C_LANGUAGE_STANDARD = gnu11;
				INFOPLIST_FILE = EarlGreyWrapperTests/Info.plist;
				IPHONEOS_DEPLOYMENT_TARGET = 11.4;
				LD_RUNPATH_SEARCH_PATHS = "$(inherited) @executable_path/Frameworks @loader_path/Frameworks";
				PRODUCT_BUNDLE_IDENTIFIER = com.oozou.EarlGreyWrapperTests;
				PRODUCT_NAME = "$(TARGET_NAME)";
				SWIFT_VERSION = 4.0;
				TARGETED_DEVICE_FAMILY = "1,2";
			};
			name = Release;
		};
		607FACED1AFB9204008FA782 /* Debug */ = {
			isa = XCBuildConfiguration;
			buildSettings = {
				ALWAYS_SEARCH_USER_PATHS = NO;
				CLANG_CXX_LANGUAGE_STANDARD = "gnu++0x";
				CLANG_CXX_LIBRARY = "libc++";
				CLANG_ENABLE_MODULES = YES;
				CLANG_ENABLE_OBJC_ARC = YES;
				CLANG_WARN_BLOCK_CAPTURE_AUTORELEASING = YES;
				CLANG_WARN_BOOL_CONVERSION = YES;
				CLANG_WARN_COMMA = YES;
				CLANG_WARN_CONSTANT_CONVERSION = YES;
				CLANG_WARN_DEPRECATED_OBJC_IMPLEMENTATIONS = YES;
				CLANG_WARN_DIRECT_OBJC_ISA_USAGE = YES_ERROR;
				CLANG_WARN_EMPTY_BODY = YES;
				CLANG_WARN_ENUM_CONVERSION = YES;
				CLANG_WARN_INFINITE_RECURSION = YES;
				CLANG_WARN_INT_CONVERSION = YES;
				CLANG_WARN_NON_LITERAL_NULL_CONVERSION = YES;
				CLANG_WARN_OBJC_IMPLICIT_RETAIN_SELF = YES;
				CLANG_WARN_OBJC_LITERAL_CONVERSION = YES;
				CLANG_WARN_OBJC_ROOT_CLASS = YES_ERROR;
				CLANG_WARN_RANGE_LOOP_ANALYSIS = YES;
				CLANG_WARN_STRICT_PROTOTYPES = YES;
				CLANG_WARN_SUSPICIOUS_MOVE = YES;
				CLANG_WARN_UNREACHABLE_CODE = YES;
				CLANG_WARN__DUPLICATE_METHOD_MATCH = YES;
				"CODE_SIGN_IDENTITY[sdk=iphoneos*]" = "iPhone Developer";
				COPY_PHASE_STRIP = NO;
				DEBUG_INFORMATION_FORMAT = "dwarf-with-dsym";
				ENABLE_STRICT_OBJC_MSGSEND = YES;
				ENABLE_TESTABILITY = YES;
				GCC_C_LANGUAGE_STANDARD = gnu99;
				GCC_DYNAMIC_NO_PIC = NO;
				GCC_NO_COMMON_BLOCKS = YES;
				GCC_OPTIMIZATION_LEVEL = 0;
				GCC_PREPROCESSOR_DEFINITIONS = (
					"DEBUG=1",
					"$(inherited)",
				);
				GCC_SYMBOLS_PRIVATE_EXTERN = NO;
				GCC_WARN_64_TO_32_BIT_CONVERSION = YES;
				GCC_WARN_ABOUT_RETURN_TYPE = YES_ERROR;
				GCC_WARN_UNDECLARED_SELECTOR = YES;
				GCC_WARN_UNINITIALIZED_AUTOS = YES_AGGRESSIVE;
				GCC_WARN_UNUSED_FUNCTION = YES;
				GCC_WARN_UNUSED_VARIABLE = YES;
				IPHONEOS_DEPLOYMENT_TARGET = 9.3;
				MTL_ENABLE_DEBUG_INFO = YES;
				ONLY_ACTIVE_ARCH = YES;
				SDKROOT = iphoneos;
				SWIFT_OPTIMIZATION_LEVEL = "-Onone";
			};
			name = Debug;
		};
		607FACEE1AFB9204008FA782 /* Release */ = {
			isa = XCBuildConfiguration;
			buildSettings = {
				ALWAYS_SEARCH_USER_PATHS = NO;
				CLANG_CXX_LANGUAGE_STANDARD = "gnu++0x";
				CLANG_CXX_LIBRARY = "libc++";
				CLANG_ENABLE_MODULES = YES;
				CLANG_ENABLE_OBJC_ARC = YES;
				CLANG_WARN_BLOCK_CAPTURE_AUTORELEASING = YES;
				CLANG_WARN_BOOL_CONVERSION = YES;
				CLANG_WARN_COMMA = YES;
				CLANG_WARN_CONSTANT_CONVERSION = YES;
				CLANG_WARN_DEPRECATED_OBJC_IMPLEMENTATIONS = YES;
				CLANG_WARN_DIRECT_OBJC_ISA_USAGE = YES_ERROR;
				CLANG_WARN_EMPTY_BODY = YES;
				CLANG_WARN_ENUM_CONVERSION = YES;
				CLANG_WARN_INFINITE_RECURSION = YES;
				CLANG_WARN_INT_CONVERSION = YES;
				CLANG_WARN_NON_LITERAL_NULL_CONVERSION = YES;
				CLANG_WARN_OBJC_IMPLICIT_RETAIN_SELF = YES;
				CLANG_WARN_OBJC_LITERAL_CONVERSION = YES;
				CLANG_WARN_OBJC_ROOT_CLASS = YES_ERROR;
				CLANG_WARN_RANGE_LOOP_ANALYSIS = YES;
				CLANG_WARN_STRICT_PROTOTYPES = YES;
				CLANG_WARN_SUSPICIOUS_MOVE = YES;
				CLANG_WARN_UNREACHABLE_CODE = YES;
				CLANG_WARN__DUPLICATE_METHOD_MATCH = YES;
				"CODE_SIGN_IDENTITY[sdk=iphoneos*]" = "iPhone Developer";
				COPY_PHASE_STRIP = NO;
				DEBUG_INFORMATION_FORMAT = "dwarf-with-dsym";
				ENABLE_NS_ASSERTIONS = NO;
				ENABLE_STRICT_OBJC_MSGSEND = YES;
				GCC_C_LANGUAGE_STANDARD = gnu99;
				GCC_NO_COMMON_BLOCKS = YES;
				GCC_WARN_64_TO_32_BIT_CONVERSION = YES;
				GCC_WARN_ABOUT_RETURN_TYPE = YES_ERROR;
				GCC_WARN_UNDECLARED_SELECTOR = YES;
				GCC_WARN_UNINITIALIZED_AUTOS = YES_AGGRESSIVE;
				GCC_WARN_UNUSED_FUNCTION = YES;
				GCC_WARN_UNUSED_VARIABLE = YES;
				IPHONEOS_DEPLOYMENT_TARGET = 9.3;
				MTL_ENABLE_DEBUG_INFO = NO;
				SDKROOT = iphoneos;
				SWIFT_OPTIMIZATION_LEVEL = "-Owholemodule";
				VALIDATE_PRODUCT = YES;
			};
			name = Release;
		};
/* End XCBuildConfiguration section */

/* Begin XCConfigurationList section */
		30AAE0F920E0D25B00676E46 /* Build configuration list for PBXNativeTarget "EarlGreyWrapperTests" */ = {
			isa = XCConfigurationList;
			buildConfigurations = (
				30AAE0FA20E0D25B00676E46 /* Debug */,
				30AAE0FB20E0D25B00676E46 /* Release */,
			);
			defaultConfigurationIsVisible = 0;
			defaultConfigurationName = Release;
		};
		607FACCB1AFB9204008FA782 /* Build configuration list for PBXProject "EarlGreyWrapper" */ = {
			isa = XCConfigurationList;
			buildConfigurations = (
				607FACED1AFB9204008FA782 /* Debug */,
				607FACEE1AFB9204008FA782 /* Release */,
			);
			defaultConfigurationIsVisible = 0;
			defaultConfigurationName = Release;
		};
/* End XCConfigurationList section */
	};
	rootObject = 607FACC81AFB9204008FA782 /* Project object */;
}
